
Microsoft Visual Studio Solution File, Format Version 12.00
# Visual Studio Version 17
VisualStudioVersion = 17.5.002.0
MinimumVisualStudioVersion = 10.0.40219.1
Project("{9A19103F-16F7-4668-BE54-9A1E7A4F7556}") = "Stopwatch", "Stopwatch.csproj", "{075F4C92-600F-4C10-A2C0-FA531C8C0070}"
EndProject
Global
	GlobalSection(SolutionConfigurationPlatforms) = preSolution
		Debug|Any CPU = Debug|Any CPU
		Release|Any CPU = Release|Any CPU
	EndGlobalSection
	GlobalSection(ProjectConfigurationPlatforms) = postSolution
		{075F4C92-600F-4C10-A2C0-FA531C8C0070}.Debug|Any CPU.ActiveCfg = Debug|Any CPU
		{075F4C92-600F-4C10-A2C0-FA531C8C0070}.Debug|Any CPU.Build.0 = Debug|Any CPU
		{075F4C92-600F-4C10-A2C0-FA531C8C0070}.Release|Any CPU.ActiveCfg = Release|Any CPU
		{075F4C92-600F-4C10-A2C0-FA531C8C0070}.Release|Any CPU.Build.0 = Release|Any CPU
	EndGlobalSection
	GlobalSection(SolutionProperties) = preSolution
		HideSolutionNode = FALSE
	EndGlobalSection
	GlobalSection(ExtensibilityGlobals) = postSolution
		SolutionGuid = {1498652F-AC1B-47F2-A11D-7C89C2C62A04}
	EndGlobalSection
EndGlobal
